
Microsoft Visual Studio Solution File, Format Version 12.00
# Visual Studio Version 17
VisualStudioVersion = 17.7.34031.279
MinimumVisualStudioVersion = 10.0.40219.1
Project("{FAE04EC0-301F-11D3-BF4B-00C04F79EFBC}") = "MusicServiceDomain", "MusicServiceDomain\MusicServiceDomain.csproj", "{A4E6D06B-C0C6-477E-A034-DB0AFA3D99B8}"
EndProject
Project("{FAE04EC0-301F-11D3-BF4B-00C04F79EFBC}") = "MusicServiceInfrastructure", "MusicServiceInfrastructure\MusicServiceInfrastructure.csproj", "{144A8756-E45D-428D-8242-092651AE7EA9}"
EndProject
Global
	GlobalSection(SolutionConfigurationPlatforms) = preSolution
		Debug|Any CPU = Debug|Any CPU
		Release|Any CPU = Release|Any CPU
	EndGlobalSection
	GlobalSection(ProjectConfigurationPlatforms) = postSolution
		{A4E6D06B-C0C6-477E-A034-DB0AFA3D99B8}.Debug|Any CPU.ActiveCfg = Debug|Any CPU
		{A4E6D06B-C0C6-477E-A034-DB0AFA3D99B8}.Debug|Any CPU.Build.0 = Debug|Any CPU
		{A4E6D06B-C0C6-477E-A034-DB0AFA3D99B8}.Release|Any CPU.ActiveCfg = Release|Any CPU
		{A4E6D06B-C0C6-477E-A034-DB0AFA3D99B8}.Release|Any CPU.Build.0 = Release|Any CPU
		{144A8756-E45D-428D-8242-092651AE7EA9}.Debug|Any CPU.ActiveCfg = Debug|Any CPU
		{144A8756-E45D-428D-8242-092651AE7EA9}.Debug|Any CPU.Build.0 = Debug|Any CPU
		{144A8756-E45D-428D-8242-092651AE7EA9}.Release|Any CPU.ActiveCfg = Release|Any CPU
		{144A8756-E45D-428D-8242-092651AE7EA9}.Release|Any CPU.Build.0 = Release|Any CPU
	EndGlobalSection
	GlobalSection(SolutionProperties) = preSolution
		HideSolutionNode = FALSE
	EndGlobalSection
	GlobalSection(ExtensibilityGlobals) = postSolution
		SolutionGuid = {E8BB5644-0EA9-4539-B5D0-5B96CC997034}
	EndGlobalSection
EndGlobal
